
Microsoft Visual Studio Solution File, Format Version 12.00
# Visual Studio Version 17
VisualStudioVersion = 17.8.34330.188
MinimumVisualStudioVersion = 10.0.40219.1
Project("{2150E333-8FDC-42A3-9474-1A3956D46DE8}") = "src", "src", "{FA528F3A-A8E2-4879-8FDA-B1EB82138F3A}"
EndProject
Project("{2150E333-8FDC-42A3-9474-1A3956D46DE8}") = "test", "test", "{2113C465-D50A-4E0E-996E-66325F47D758}"
EndProject
Project("{9A19103F-16F7-4668-BE54-9A1E7A4F7556}") = "CeoRankTask.Api", "src\CeoRankTask.Api\CeoRankTask.Api.csproj", "{7B5CAE6E-F9D4-4B13-9869-4453C0CF382B}"
EndProject
Project("{9A19103F-16F7-4668-BE54-9A1E7A4F7556}") = "CeoRankTask.Core", "src\CeoRankTask.Core\CeoRankTask.Core.csproj", "{F8FFA81C-3871-4BA0-8B9A-90068E153853}"
EndProject
Project("{FAE04EC0-301F-11D3-BF4B-00C04F79EFBC}") = "CeoRankTask.Infrastructure", "src\CeoRankTask.Infrastructure\CeoRankTask.Infrastructure.csproj", "{0432EFEE-AD25-4889-8A81-CA29D1AB8872}"
EndProject
Project("{FAE04EC0-301F-11D3-BF4B-00C04F79EFBC}") = "CeoRankTask.Core.UnitTest", "test\CeoRankTask.Core.UnitTest\CeoRankTask.Core.UnitTest.csproj", "{3C7FAEC9-2DDE-4C02-9CA0-923B49AD3E32}"
EndProject
Global
	GlobalSection(SolutionConfigurationPlatforms) = preSolution
		Debug|Any CPU = Debug|Any CPU
		Release|Any CPU = Release|Any CPU
	EndGlobalSection
	GlobalSection(ProjectConfigurationPlatforms) = postSolution
		{7B5CAE6E-F9D4-4B13-9869-4453C0CF382B}.Debug|Any CPU.ActiveCfg = Debug|Any CPU
		{7B5CAE6E-F9D4-4B13-9869-4453C0CF382B}.Debug|Any CPU.Build.0 = Debug|Any CPU
		{7B5CAE6E-F9D4-4B13-9869-4453C0CF382B}.Release|Any CPU.ActiveCfg = Release|Any CPU
		{7B5CAE6E-F9D4-4B13-9869-4453C0CF382B}.Release|Any CPU.Build.0 = Release|Any CPU
		{F8FFA81C-3871-4BA0-8B9A-90068E153853}.Debug|Any CPU.ActiveCfg = Debug|Any CPU
		{F8FFA81C-3871-4BA0-8B9A-90068E153853}.Debug|Any CPU.Build.0 = Debug|Any CPU
		{F8FFA81C-3871-4BA0-8B9A-90068E153853}.Release|Any CPU.ActiveCfg = Release|Any CPU
		{F8FFA81C-3871-4BA0-8B9A-90068E153853}.Release|Any CPU.Build.0 = Release|Any CPU
		{0432EFEE-AD25-4889-8A81-CA29D1AB8872}.Debug|Any CPU.ActiveCfg = Debug|Any CPU
		{0432EFEE-AD25-4889-8A81-CA29D1AB8872}.Debug|Any CPU.Build.0 = Debug|Any CPU
		{0432EFEE-AD25-4889-8A81-CA29D1AB8872}.Release|Any CPU.ActiveCfg = Release|Any CPU
		{0432EFEE-AD25-4889-8A81-CA29D1AB8872}.Release|Any CPU.Build.0 = Release|Any CPU
		{3C7FAEC9-2DDE-4C02-9CA0-923B49AD3E32}.Debug|Any CPU.ActiveCfg = Debug|Any CPU
		{3C7FAEC9-2DDE-4C02-9CA0-923B49AD3E32}.Debug|Any CPU.Build.0 = Debug|Any CPU
		{3C7FAEC9-2DDE-4C02-9CA0-923B49AD3E32}.Release|Any CPU.ActiveCfg = Release|Any CPU
		{3C7FAEC9-2DDE-4C02-9CA0-923B49AD3E32}.Release|Any CPU.Build.0 = Release|Any CPU
	EndGlobalSection
	GlobalSection(SolutionProperties) = preSolution
		HideSolutionNode = FALSE
	EndGlobalSection
	GlobalSection(NestedProjects) = preSolution
		{7B5CAE6E-F9D4-4B13-9869-4453C0CF382B} = {FA528F3A-A8E2-4879-8FDA-B1EB82138F3A}
		{F8FFA81C-3871-4BA0-8B9A-90068E153853} = {FA528F3A-A8E2-4879-8FDA-B1EB82138F3A}
		{0432EFEE-AD25-4889-8A81-CA29D1AB8872} = {FA528F3A-A8E2-4879-8FDA-B1EB82138F3A}
		{3C7FAEC9-2DDE-4C02-9CA0-923B49AD3E32} = {2113C465-D50A-4E0E-996E-66325F47D758}
	EndGlobalSection
	GlobalSection(ExtensibilityGlobals) = postSolution
		SolutionGuid = {3DFD4B2F-A56F-490C-AEF8-2F3989538074}
	EndGlobalSection
EndGlobal
